
Microsoft Visual Studio Solution File, Format Version 12.00
# Visual Studio 2013
VisualStudioVersion = 12.0.40629.0
MinimumVisualStudioVersion = 10.0.40219.1
Project("{FAE04EC0-301F-11D3-BF4B-00C04F79EFBC}") = "ExpertSystemShell", "ExpertSystemShell\ExpertSystemShell.csproj", "{C1DB5682-CBF5-44DD-B0AF-196B7298F745}"
EndProject
Project("{FAE04EC0-301F-11D3-BF4B-00C04F79EFBC}") = "Tests", "Tests\Tests.csproj", "{DDAC74A5-AEEE-429B-981E-E3645F737A32}"
EndProject
Project("{FAE04EC0-301F-11D3-BF4B-00C04F79EFBC}") = "Airport", "Airport\Airport.csproj", "{5D023BC5-1F4C-4D31-B2B6-FA3A0707EA3F}"
EndProject
Project("{FAE04EC0-301F-11D3-BF4B-00C04F79EFBC}") = "FuzzyLogicRedactor", "FuzzyLogicRedactor\FuzzyLogicRedactor.csproj", "{3A1ED241-A1ED-484E-A907-5AAAD4E242C3}"
EndProject
Project("{FAE04EC0-301F-11D3-BF4B-00C04F79EFBC}") = "ParkingConsole", "ParkingConsole\ParkingConsole.csproj", "{A6D41C31-5EBF-4F5F-9B5A-2571A09CC730}"
EndProject
Project("{FAE04EC0-301F-11D3-BF4B-00C04F79EFBC}") = "MyParallel", "..\MyParallel\MyParallel\MyParallel.csproj", "{717B427D-AA43-4951-8B57-5C72A42A431E}"
EndProject
Project("{FAE04EC0-301F-11D3-BF4B-00C04F79EFBC}") = "ParkingForms", "ParkingForms\ParkingForms.csproj", "{2E9E732C-80D5-44E3-98F6-25A9F46E1B2D}"
EndProject
Project("{FAE04EC0-301F-11D3-BF4B-00C04F79EFBC}") = "ParkingDemo", "ParkingDemo\ParkingDemo.csproj", "{7306D7CB-75E0-4D34-99F4-63DD75A127F5}"
EndProject
Global
	GlobalSection(SolutionConfigurationPlatforms) = preSolution
		Debug|Any CPU = Debug|Any CPU
		Release|Any CPU = Release|Any CPU
	EndGlobalSection
	GlobalSection(ProjectConfigurationPlatforms) = postSolution
		{C1DB5682-CBF5-44DD-B0AF-196B7298F745}.Debug|Any CPU.ActiveCfg = Debug|Any CPU
		{C1DB5682-CBF5-44DD-B0AF-196B7298F745}.Debug|Any CPU.Build.0 = Debug|Any CPU
		{C1DB5682-CBF5-44DD-B0AF-196B7298F745}.Release|Any CPU.ActiveCfg = Release|Any CPU
		{C1DB5682-CBF5-44DD-B0AF-196B7298F745}.Release|Any CPU.Build.0 = Release|Any CPU
		{DDAC74A5-AEEE-429B-981E-E3645F737A32}.Debug|Any CPU.ActiveCfg = Debug|Any CPU
		{DDAC74A5-AEEE-429B-981E-E3645F737A32}.Debug|Any CPU.Build.0 = Debug|Any CPU
		{DDAC74A5-AEEE-429B-981E-E3645F737A32}.Release|Any CPU.ActiveCfg = Release|Any CPU
		{DDAC74A5-AEEE-429B-981E-E3645F737A32}.Release|Any CPU.Build.0 = Release|Any CPU
		{5D023BC5-1F4C-4D31-B2B6-FA3A0707EA3F}.Debug|Any CPU.ActiveCfg = Debug|Any CPU
		{5D023BC5-1F4C-4D31-B2B6-FA3A0707EA3F}.Debug|Any CPU.Build.0 = Debug|Any CPU
		{5D023BC5-1F4C-4D31-B2B6-FA3A0707EA3F}.Release|Any CPU.ActiveCfg = Release|Any CPU
		{5D023BC5-1F4C-4D31-B2B6-FA3A0707EA3F}.Release|Any CPU.Build.0 = Release|Any CPU
		{3A1ED241-A1ED-484E-A907-5AAAD4E242C3}.Debug|Any CPU.ActiveCfg = Debug|Any CPU
		{3A1ED241-A1ED-484E-A907-5AAAD4E242C3}.Debug|Any CPU.Build.0 = Debug|Any CPU
		{3A1ED241-A1ED-484E-A907-5AAAD4E242C3}.Release|Any CPU.ActiveCfg = Release|Any CPU
		{3A1ED241-A1ED-484E-A907-5AAAD4E242C3}.Release|Any CPU.Build.0 = Release|Any CPU
		{A6D41C31-5EBF-4F5F-9B5A-2571A09CC730}.Debug|Any CPU.ActiveCfg = Debug|Any CPU
		{A6D41C31-5EBF-4F5F-9B5A-2571A09CC730}.Debug|Any CPU.Build.0 = Debug|Any CPU
		{A6D41C31-5EBF-4F5F-9B5A-2571A09CC730}.Release|Any CPU.ActiveCfg = Release|Any CPU
		{A6D41C31-5EBF-4F5F-9B5A-2571A09CC730}.Release|Any CPU.Build.0 = Release|Any CPU
		{717B427D-AA43-4951-8B57-5C72A42A431E}.Debug|Any CPU.ActiveCfg = Debug|Any CPU
		{717B427D-AA43-4951-8B57-5C72A42A431E}.Debug|Any CPU.Build.0 = Debug|Any CPU
		{717B427D-AA43-4951-8B57-5C72A42A431E}.Release|Any CPU.ActiveCfg = Release|Any CPU
		{717B427D-AA43-4951-8B57-5C72A42A431E}.Release|Any CPU.Build.0 = Release|Any CPU
		{2E9E732C-80D5-44E3-98F6-25A9F46E1B2D}.Debug|Any CPU.ActiveCfg = Debug|Any CPU
		{2E9E732C-80D5-44E3-98F6-25A9F46E1B2D}.Debug|Any CPU.Build.0 = Debug|Any CPU
		{2E9E732C-80D5-44E3-98F6-25A9F46E1B2D}.Release|Any CPU.ActiveCfg = Release|Any CPU
		{2E9E732C-80D5-44E3-98F6-25A9F46E1B2D}.Release|Any CPU.Build.0 = Release|Any CPU
		{7306D7CB-75E0-4D34-99F4-63DD75A127F5}.Debug|Any CPU.ActiveCfg = Debug|Any CPU
		{7306D7CB-75E0-4D34-99F4-63DD75A127F5}.Debug|Any CPU.Build.0 = Debug|Any CPU
		{7306D7CB-75E0-4D34-99F4-63DD75A127F5}.Release|Any CPU.ActiveCfg = Release|Any CPU
		{7306D7CB-75E0-4D34-99F4-63DD75A127F5}.Release|Any CPU.Build.0 = Release|Any CPU
	EndGlobalSection
	GlobalSection(SolutionProperties) = preSolution
		HideSolutionNode = FALSE
	EndGlobalSection
EndGlobal
