
Microsoft Visual Studio Solution File, Format Version 12.00
# Visual Studio 2013
VisualStudioVersion = 12.0.31101.0
MinimumVisualStudioVersion = 10.0.40219.1
Project("{FAE04EC0-301F-11D3-BF4B-00C04F79EFBC}") = "MyParallel", "MyParallel\MyParallel.csproj", "{717B427D-AA43-4951-8B57-5C72A42A431E}"
EndProject
Project("{FAE04EC0-301F-11D3-BF4B-00C04F79EFBC}") = "Tests", "Tests\Tests.csproj", "{CAF42434-6BBA-4E4F-A6E0-B8A58ED01423}"
EndProject
Project("{FAE04EC0-301F-11D3-BF4B-00C04F79EFBC}") = "ParallelSumTest", "ParallelSumTest\ParallelSumTest.csproj", "{C16087C7-66FA-4A2D-8EA9-A2C502E4E9CF}"
EndProject
Project("{FAE04EC0-301F-11D3-BF4B-00C04F79EFBC}") = "ConsoleTest", "ConsoleTest\ConsoleTest.csproj", "{F8B2D9B7-A472-431D-8638-6A5E0634146B}"
EndProject
Project("{FAE04EC0-301F-11D3-BF4B-00C04F79EFBC}") = "TestSorting", "TestSorting\TestSorting.csproj", "{1C703FCD-528D-44C1-863C-D17B42B45D46}"
EndProject
Project("{FAE04EC0-301F-11D3-BF4B-00C04F79EFBC}") = "DiningPhilosofersProgram", "DiningPhilosofersProgram\DiningPhilosofersProgram.csproj", "{C91C11FD-B1FF-4373-829F-BF3E5D8955AD}"
EndProject
Global
	GlobalSection(SolutionConfigurationPlatforms) = preSolution
		Debug|Any CPU = Debug|Any CPU
		Release|Any CPU = Release|Any CPU
	EndGlobalSection
	GlobalSection(ProjectConfigurationPlatforms) = postSolution
		{717B427D-AA43-4951-8B57-5C72A42A431E}.Debug|Any CPU.ActiveCfg = Debug|Any CPU
		{717B427D-AA43-4951-8B57-5C72A42A431E}.Debug|Any CPU.Build.0 = Debug|Any CPU
		{717B427D-AA43-4951-8B57-5C72A42A431E}.Release|Any CPU.ActiveCfg = Release|Any CPU
		{717B427D-AA43-4951-8B57-5C72A42A431E}.Release|Any CPU.Build.0 = Release|Any CPU
		{CAF42434-6BBA-4E4F-A6E0-B8A58ED01423}.Debug|Any CPU.ActiveCfg = Debug|Any CPU
		{CAF42434-6BBA-4E4F-A6E0-B8A58ED01423}.Debug|Any CPU.Build.0 = Debug|Any CPU
		{CAF42434-6BBA-4E4F-A6E0-B8A58ED01423}.Release|Any CPU.ActiveCfg = Release|Any CPU
		{CAF42434-6BBA-4E4F-A6E0-B8A58ED01423}.Release|Any CPU.Build.0 = Release|Any CPU
		{C16087C7-66FA-4A2D-8EA9-A2C502E4E9CF}.Debug|Any CPU.ActiveCfg = Debug|Any CPU
		{C16087C7-66FA-4A2D-8EA9-A2C502E4E9CF}.Debug|Any CPU.Build.0 = Debug|Any CPU
		{C16087C7-66FA-4A2D-8EA9-A2C502E4E9CF}.Release|Any CPU.ActiveCfg = Release|Any CPU
		{C16087C7-66FA-4A2D-8EA9-A2C502E4E9CF}.Release|Any CPU.Build.0 = Release|Any CPU
		{F8B2D9B7-A472-431D-8638-6A5E0634146B}.Debug|Any CPU.ActiveCfg = Debug|Any CPU
		{F8B2D9B7-A472-431D-8638-6A5E0634146B}.Debug|Any CPU.Build.0 = Debug|Any CPU
		{F8B2D9B7-A472-431D-8638-6A5E0634146B}.Release|Any CPU.ActiveCfg = Release|Any CPU
		{F8B2D9B7-A472-431D-8638-6A5E0634146B}.Release|Any CPU.Build.0 = Release|Any CPU
		{1C703FCD-528D-44C1-863C-D17B42B45D46}.Debug|Any CPU.ActiveCfg = Debug|Any CPU
		{1C703FCD-528D-44C1-863C-D17B42B45D46}.Debug|Any CPU.Build.0 = Debug|Any CPU
		{1C703FCD-528D-44C1-863C-D17B42B45D46}.Release|Any CPU.ActiveCfg = Release|Any CPU
		{1C703FCD-528D-44C1-863C-D17B42B45D46}.Release|Any CPU.Build.0 = Release|Any CPU
		{C91C11FD-B1FF-4373-829F-BF3E5D8955AD}.Debug|Any CPU.ActiveCfg = Debug|Any CPU
		{C91C11FD-B1FF-4373-829F-BF3E5D8955AD}.Debug|Any CPU.Build.0 = Debug|Any CPU
		{C91C11FD-B1FF-4373-829F-BF3E5D8955AD}.Release|Any CPU.ActiveCfg = Release|Any CPU
		{C91C11FD-B1FF-4373-829F-BF3E5D8955AD}.Release|Any CPU.Build.0 = Release|Any CPU
	EndGlobalSection
	GlobalSection(SolutionProperties) = preSolution
		HideSolutionNode = FALSE
	EndGlobalSection
EndGlobal
